
Microsoft Visual Studio Solution File, Format Version 12.00
# Visual Studio Version 17
VisualStudioVersion = 17.8.34309.116
MinimumVisualStudioVersion = 10.0.40219.1
Project("{9A19103F-16F7-4668-BE54-9A1E7A4F7556}") = "MySampleApplication", "MySampleApplication\MySampleApplication.csproj", "{D50DD47F-53A7-405A-8257-7E4668F5DFA9}"
EndProject
Project("{FAE04EC0-301F-11D3-BF4B-00C04F79EFBC}") = "MySampleApplication.UnitTests", "MySampleApplication.UnitTests\MySampleApplication.UnitTests.csproj", "{F9950CF9-CCC6-4B5D-A513-4118C08453BC}"
EndProject
Global
	GlobalSection(SolutionConfigurationPlatforms) = preSolution
		Debug|Any CPU = Debug|Any CPU
		Release|Any CPU = Release|Any CPU
	EndGlobalSection
	GlobalSection(ProjectConfigurationPlatforms) = postSolution
		{D50DD47F-53A7-405A-8257-7E4668F5DFA9}.Debug|Any CPU.ActiveCfg = Debug|Any CPU
		{D50DD47F-53A7-405A-8257-7E4668F5DFA9}.Debug|Any CPU.Build.0 = Debug|Any CPU
		{D50DD47F-53A7-405A-8257-7E4668F5DFA9}.Release|Any CPU.ActiveCfg = Release|Any CPU
		{D50DD47F-53A7-405A-8257-7E4668F5DFA9}.Release|Any CPU.Build.0 = Release|Any CPU
		{F9950CF9-CCC6-4B5D-A513-4118C08453BC}.Debug|Any CPU.ActiveCfg = Debug|Any CPU
		{F9950CF9-CCC6-4B5D-A513-4118C08453BC}.Debug|Any CPU.Build.0 = Debug|Any CPU
		{F9950CF9-CCC6-4B5D-A513-4118C08453BC}.Release|Any CPU.ActiveCfg = Release|Any CPU
		{F9950CF9-CCC6-4B5D-A513-4118C08453BC}.Release|Any CPU.Build.0 = Release|Any CPU
	EndGlobalSection
	GlobalSection(SolutionProperties) = preSolution
		HideSolutionNode = FALSE
	EndGlobalSection
	GlobalSection(ExtensibilityGlobals) = postSolution
		SolutionGuid = {88B1F931-65EB-46F3-917F-BBB8EAB300AA}
	EndGlobalSection
EndGlobal
